// !$*UTF8*$!
{
	archiveVersion = 1;
	classes = {
	};
	objectVersion = 46;
	objects = {

/* Begin PBXBuildFile section */
		181BDD091858149E00FB0FBD /* UIKit.framework in Frameworks */ = {isa = PBXBuildFile; fileRef = 181BDD081858149E00FB0FBD /* UIKit.framework */; };
		181BDD0B1858149E00FB0FBD /* Foundation.framework in Frameworks */ = {isa = PBXBuildFile; fileRef = 181BDD0A1858149E00FB0FBD /* Foundation.framework */; };
		181BDD0D1858149E00FB0FBD /* CoreGraphics.framework in Frameworks */ = {isa = PBXBuildFile; fileRef = 181BDD0C1858149E00FB0FBD /* CoreGraphics.framework */; };
		181BDD131858149E00FB0FBD /* InfoPlist.strings in Resources */ = {isa = PBXBuildFile; fileRef = 181BDD111858149E00FB0FBD /* InfoPlist.strings */; };
		181BDD151858149E00FB0FBD /* main.m in Sources */ = {isa = PBXBuildFile; fileRef = 181BDD141858149E00FB0FBD /* main.m */; };
		181BDD191858149E00FB0FBD /* AppDelegate.m in Sources */ = {isa = PBXBuildFile; fileRef = 181BDD181858149E00FB0FBD /* AppDelegate.m */; };
		181BDD1B1858149E00FB0FBD /* Default.png in Resources */ = {isa = PBXBuildFile; fileRef = 181BDD1A1858149E00FB0FBD /* Default.png */; };
		181BDD1D1858149E00FB0FBD /* Default@2x.png in Resources */ = {isa = PBXBuildFile; fileRef = 181BDD1C1858149E00FB0FBD /* Default@2x.png */; };
		181BDD1F1858149E00FB0FBD /* Default-568h@2x.png in Resources */ = {isa = PBXBuildFile; fileRef = 181BDD1E1858149E00FB0FBD /* Default-568h@2x.png */; };
		181BDD221858149E00FB0FBD /* ViewController.m in Sources */ = {isa = PBXBuildFile; fileRef = 181BDD211858149E00FB0FBD /* ViewController.m */; };
		181BDD251858149E00FB0FBD /* ViewController.xib in Resources */ = {isa = PBXBuildFile; fileRef = 181BDD231858149E00FB0FBD /* ViewController.xib */; };
/* End PBXBuildFile section */

/* Begin PBXFileReference section */
		181BDD041858149E00FB0FBD /* tb.app */ = {isa = PBXFileReference; explicitFileType = wrapper.application; includeInIndex = 0; path = tb.app; sourceTree = BUILT_PRODUCTS_DIR; };
		181BDD081858149E00FB0FBD /* UIKit.framework */ = {isa = PBXFileReference; lastKnownFileType = wrapper.framework; name = UIKit.framework; path = System/Library/Frameworks/UIKit.framework; sourceTree = SDKROOT; };
		181BDD0A1858149E00FB0FBD /* Foundation.framework */ = {isa = PBXFileReference; lastKnownFileType = wrapper.framework; name = Foundation.framework; path = System/Library/Frameworks/Foundation.framework; sourceTree = SDKROOT; };
		181BDD0C1858149E00FB0FBD /* CoreGraphics.framework */ = {isa = PBXFileReference; lastKnownFileType = wrapper.framework; name = CoreGraphics.framework; path = System/Library/Frameworks/CoreGraphics.framework; sourceTree = SDKROOT; };
		181BDD101858149E00FB0FBD /* tb-Info.plist */ = {isa = PBXFileReference; lastKnownFileType = text.plist.xml; path = "tb-Info.plist"; sourceTree = "<group>"; };
		181BDD121858149E00FB0FBD /* en */ = {isa = PBXFileReference; lastKnownFileType = text.plist.strings; name = en; path = en.lproj/InfoPlist.strings; sourceTree = "<group>"; };
		181BDD141858149E00FB0FBD /* main.m */ = {isa = PBXFileReference; lastKnownFileType = sourcecode.c.objc; path = main.m; sourceTree = "<group>"; };
		181BDD161858149E00FB0FBD /* tb-Prefix.pch */ = {isa = PBXFileReference; lastKnownFileType = sourcecode.c.h; path = "tb-Prefix.pch"; sourceTree = "<group>"; };
		181BDD171858149E00FB0FBD /* AppDelegate.h */ = {isa = PBXFileReference; lastKnownFileType = sourcecode.c.h; path = AppDelegate.h; sourceTree = "<group>"; };
		181BDD181858149E00FB0FBD /* AppDelegate.m */ = {isa = PBXFileReference; lastKnownFileType = sourcecode.c.objc; path = AppDelegate.m; sourceTree = "<group>"; };
		181BDD1A1858149E00FB0FBD /* Default.png */ = {isa = PBXFileReference; lastKnownFileType = image.png; path = Default.png; sourceTree = "<group>"; };
		181BDD1C1858149E00FB0FBD /* Default@2x.png */ = {isa = PBXFileReference; lastKnownFileType = image.png; path = "Default@2x.png"; sourceTree = "<group>"; };
		181BDD1E1858149E00FB0FBD /* Default-568h@2x.png */ = {isa = PBXFileReference; lastKnownFileType = image.png; path = "Default-568h@2x.png"; sourceTree = "<group>"; };
		181BDD201858149E00FB0FBD /* ViewController.h */ = {isa = PBXFileReference; lastKnownFileType = sourcecode.c.h; path = ViewController.h; sourceTree = "<group>"; };
		181BDD211858149E00FB0FBD /* ViewController.m */ = {isa = PBXFileReference; lastKnownFileType = sourcecode.c.objc; path = ViewController.m; sourceTree = "<group>"; };
		181BDD241858149E00FB0FBD /* en */ = {isa = PBXFileReference; lastKnownFileType = file.xib; name = en; path = en.lproj/ViewController.xib; sourceTree = "<group>"; };
/* End PBXFileReference section */

/* Begin PBXFrameworksBuildPhase section */
		181BDD011858149E00FB0FBD /* Frameworks */ = {
			isa = PBXFrameworksBuildPhase;
			buildActionMask = 2147483647;
			files = (
				181BDD091858149E00FB0FBD /* UIKit.framework in Frameworks */,
				181BDD0B1858149E00FB0FBD /* Foundation.framework in Frameworks */,
				181BDD0D1858149E00FB0FBD /* CoreGraphics.framework in Frameworks */,
			);
			runOnlyForDeploymentPostprocessing = 0;
		};
/* End PBXFrameworksBuildPhase section */

/* Begin PBXGroup section */
		181BDCF91858149D00FB0FBD = {
			isa = PBXGroup;
			children = (
				181BDD0E1858149E00FB0FBD /* tb */,
				181BDD071858149E00FB0FBD /* Frameworks */,
				181BDD051858149E00FB0FBD /* Products */,
			);
			sourceTree = "<group>";
		};
		181BDD051858149E00FB0FBD /* Products */ = {
			isa = PBXGroup;
			children = (
				181BDD041858149E00FB0FBD /* tb.app */,
			);
			name = Products;
			sourceTree = "<group>";
		};
		181BDD071858149E00FB0FBD /* Frameworks */ = {
			isa = PBXGroup;
			children = (
				181BDD081858149E00FB0FBD /* UIKit.framework */,
				181BDD0A1858149E00FB0FBD /* Foundation.framework */,
				181BDD0C1858149E00FB0FBD /* CoreGraphics.framework */,
			);
			name = Frameworks;
			sourceTree = "<group>";
		};
		181BDD0E1858149E00FB0FBD /* tb */ = {
			isa = PBXGroup;
			children = (
				181BDD171858149E00FB0FBD /* AppDelegate.h */,
				181BDD181858149E00FB0FBD /* AppDelegate.m */,
				181BDD201858149E00FB0FBD /* ViewController.h */,
				181BDD211858149E00FB0FBD /* ViewController.m */,
				181BDD231858149E00FB0FBD /* ViewController.xib */,
				181BDD0F1858149E00FB0FBD /* Supporting Files */,
			);
			path = tb;
			sourceTree = "<group>";
		};
		181BDD0F1858149E00FB0FBD /* Supporting Files */ = {
			isa = PBXGroup;
			children = (
				181BDD101858149E00FB0FBD /* tb-Info.plist */,
				181BDD111858149E00FB0FBD /* InfoPlist.strings */,
				181BDD141858149E00FB0FBD /* main.m */,
				181BDD161858149E00FB0FBD /* tb-Prefix.pch */,
				181BDD1A1858149E00FB0FBD /* Default.png */,
				181BDD1C1858149E00FB0FBD /* Default@2x.png */,
				181BDD1E1858149E00FB0FBD /* Default-568h@2x.png */,
			);
			name = "Supporting Files";
			sourceTree = "<group>";
		};
/* End PBXGroup section */

/* Begin PBXNativeTarget section */
		181BDD031858149E00FB0FBD /* tb */ = {
			isa = PBXNativeTarget;
			buildConfigurationList = 181BDD281858149E00FB0FBD /* Build configuration list for PBXNativeTarget "tb" */;
			buildPhases = (
				181BDD001858149E00FB0FBD /* Sources */,
				181BDD011858149E00FB0FBD /* Frameworks */,
				181BDD021858149E00FB0FBD /* Resources */,
			);
			buildRules = (
			);
			dependencies = (
			);
			name = tb;
			productName = tb;
			productReference = 181BDD041858149E00FB0FBD /* tb.app */;
			productType = "com.apple.product-type.application";
		};
/* End PBXNativeTarget section */

/* Begin PBXProject section */
		181BDCFB1858149D00FB0FBD /* Project object */ = {
			isa = PBXProject;
			attributes = {
				LastUpgradeCheck = 0450;
				ORGANIZATIONNAME = tanghuacheng.cn;
			};
			buildConfigurationList = 181BDCFE1858149D00FB0FBD /* Build configuration list for PBXProject "tb" */;
			compatibilityVersion = "Xcode 3.2";
			developmentRegion = English;
			hasScannedForEncodings = 0;
			knownRegions = (
				en,
			);
			mainGroup = 181BDCF91858149D00FB0FBD;
			productRefGroup = 181BDD051858149E00FB0FBD /* Products */;
			projectDirPath = "";
			projectRoot = "";
			targets = (
				181BDD031858149E00FB0FBD /* tb */,
			);
		};
/* End PBXProject section */

/* Begin PBXResourcesBuildPhase section */
		181BDD021858149E00FB0FBD /* Resources */ = {
			isa = PBXResourcesBuildPhase;
			buildActionMask = 2147483647;
			files = (
				181BDD131858149E00FB0FBD /* InfoPlist.strings in Resources */,
				181BDD1B1858149E00FB0FBD /* Default.png in Resources */,
				181BDD1D1858149E00FB0FBD /* Default@2x.png in Resources */,
				181BDD1F1858149E00FB0FBD /* Default-568h@2x.png in Resources */,
				181BDD251858149E00FB0FBD /* ViewController.xib in Resources */,
			);
			runOnlyForDeploymentPostprocessing = 0;
		};
/* End PBXResourcesBuildPhase section */

/* Begin PBXSourcesBuildPhase section */
		181BDD001858149E00FB0FBD /* Sources */ = {
			isa = PBXSourcesBuildPhase;
			buildActionMask = 2147483647;
			files = (
				181BDD151858149E00FB0FBD /* main.m in Sources */,
				181BDD191858149E00FB0FBD /* AppDelegate.m in Sources */,
				181BDD221858149E00FB0FBD /* ViewController.m in Sources */,
			);
			runOnlyForDeploymentPostprocessing = 0;
		};
/* End PBXSourcesBuildPhase section */

/* Begin PBXVariantGroup section */
		181BDD111858149E00FB0FBD /* InfoPlist.strings */ = {
			isa = PBXVariantGroup;
			children = (
				181BDD121858149E00FB0FBD /* en */,
			);
			name = InfoPlist.strings;
			sourceTree = "<group>";
		};
		181BDD231858149E00FB0FBD /* ViewController.xib */ = {
			isa = PBXVariantGroup;
			children = (
				181BDD241858149E00FB0FBD /* en */,
			);
			name = ViewController.xib;
			sourceTree = "<group>";
		};
/* End PBXVariantGroup section */

/* Begin XCBuildConfiguration section */
		181BDD261858149E00FB0FBD /* Debug */ = {
			isa = XCBuildConfiguration;
			buildSettings = {
				ALWAYS_SEARCH_USER_PATHS = NO;
				CLANG_CXX_LANGUAGE_STANDARD = "gnu++0x";
				CLANG_CXX_LIBRARY = "libc++";
				CLANG_WARN_EMPTY_BODY = YES;
				CLANG_WARN__DUPLICATE_METHOD_MATCH = YES;
				"CODE_SIGN_IDENTITY[sdk=iphoneos*]" = "iPhone Developer";
				COPY_PHASE_STRIP = NO;
				GCC_C_LANGUAGE_STANDARD = gnu99;
				GCC_DYNAMIC_NO_PIC = NO;
				GCC_OPTIMIZATION_LEVEL = 0;
				GCC_PREPROCESSOR_DEFINITIONS = (
					"DEBUG=1",
					"$(inherited)",
				);
				GCC_SYMBOLS_PRIVATE_EXTERN = NO;
				GCC_WARN_ABOUT_RETURN_TYPE = YES;
				GCC_WARN_UNINITIALIZED_AUTOS = YES;
				GCC_WARN_UNUSED_VARIABLE = YES;
				IPHONEOS_DEPLOYMENT_TARGET = 6.0;
				ONLY_ACTIVE_ARCH = YES;
				SDKROOT = iphoneos;
			};
			name = Debug;
		};
		181BDD271858149E00FB0FBD /* Release */ = {
			isa = XCBuildConfiguration;
			buildSettings = {
				ALWAYS_SEARCH_USER_PATHS = NO;
				CLANG_CXX_LANGUAGE_STANDARD = "gnu++0x";
				CLANG_CXX_LIBRARY = "libc++";
				CLANG_WARN_EMPTY_BODY = YES;
				CLANG_WARN__DUPLICATE_METHOD_MATCH = YES;
				"CODE_SIGN_IDENTITY[sdk=iphoneos*]" = "iPhone Developer";
				COPY_PHASE_STRIP = YES;
				GCC_C_LANGUAGE_STANDARD = gnu99;
				GCC_WARN_ABOUT_RETURN_TYPE = YES;
				GCC_WARN_UNINITIALIZED_AUTOS = YES;
				GCC_WARN_UNUSED_VARIABLE = YES;
				IPHONEOS_DEPLOYMENT_TARGET = 6.0;
				OTHER_CFLAGS = "-DNS_BLOCK_ASSERTIONS=1";
				SDKROOT = iphoneos;
				VALIDATE_PRODUCT = YES;
			};
			name = Release;
		};
		181BDD291858149E00FB0FBD /* Debug */ = {
			isa = XCBuildConfiguration;
			buildSettings = {
				GCC_PRECOMPILE_PREFIX_HEADER = YES;
				GCC_PREFIX_HEADER = "tb/tb-Prefix.pch";
				INFOPLIST_FILE = "tb/tb-Info.plist";
				PRODUCT_NAME = "$(TARGET_NAME)";
				WRAPPER_EXTENSION = app;
			};
			name = Debug;
		};
		181BDD2A1858149E00FB0FBD /* Release */ = {
			isa = XCBuildConfiguration;
			buildSettings = {
				GCC_PRECOMPILE_PREFIX_HEADER = YES;
				GCC_PREFIX_HEADER = "tb/tb-Prefix.pch";
				INFOPLIST_FILE = "tb/tb-Info.plist";
				PRODUCT_NAME = "$(TARGET_NAME)";
				WRAPPER_EXTENSION = app;
			};
			name = Release;
		};
/* End XCBuildConfiguration section */

/* Begin XCConfigurationList section */
		181BDCFE1858149D00FB0FBD /* Build configuration list for PBXProject "tb" */ = {
			isa = XCConfigurationList;
			buildConfigurations = (
				181BDD261858149E00FB0FBD /* Debug */,
				181BDD271858149E00FB0FBD /* Release */,
			);
			defaultConfigurationIsVisible = 0;
			defaultConfigurationName = Release;
		};
		181BDD281858149E00FB0FBD /* Build configuration list for PBXNativeTarget "tb" */ = {
			isa = XCConfigurationList;
			buildConfigurations = (
				181BDD291858149E00FB0FBD /* Debug */,
				181BDD2A1858149E00FB0FBD /* Release */,
			);
			defaultConfigurationIsVisible = 0;
		};
/* End XCConfigurationList section */
	};
	rootObject = 181BDCFB1858149D00FB0FBD /* Project object */;
}
